
Microsoft Visual Studio Solution File, Format Version 12.00
# Visual Studio Version 17
VisualStudioVersion = 17.8.34525.116
MinimumVisualStudioVersion = 10.0.40219.1
Project("{FAE04EC0-301F-11D3-BF4B-00C04F79EFBC}") = "BasicTaskManagement.API", "BasicTaskManagement.API\BasicTaskManagement.API.csproj", "{8906851F-3BD2-4C7A-BF99-E2AC5DD81E04}"
EndProject
Global
	GlobalSection(SolutionConfigurationPlatforms) = preSolution
		Debug|Any CPU = Debug|Any CPU
		Release|Any CPU = Release|Any CPU
	EndGlobalSection
	GlobalSection(ProjectConfigurationPlatforms) = postSolution
		{8906851F-3BD2-4C7A-BF99-E2AC5DD81E04}.Debug|Any CPU.ActiveCfg = Debug|Any CPU
		{8906851F-3BD2-4C7A-BF99-E2AC5DD81E04}.Debug|Any CPU.Build.0 = Debug|Any CPU
		{8906851F-3BD2-4C7A-BF99-E2AC5DD81E04}.Release|Any CPU.ActiveCfg = Release|Any CPU
		{8906851F-3BD2-4C7A-BF99-E2AC5DD81E04}.Release|Any CPU.Build.0 = Release|Any CPU
	EndGlobalSection
	GlobalSection(SolutionProperties) = preSolution
		HideSolutionNode = FALSE
	EndGlobalSection
	GlobalSection(ExtensibilityGlobals) = postSolution
		SolutionGuid = {C3B61D50-4F5E-47B2-87CB-FD98CE270F17}
	EndGlobalSection
EndGlobal
